
Microsoft Visual Studio Solution File, Format Version 12.00
# Visual Studio Version 16
VisualStudioVersion = 16.0.30330.147
MinimumVisualStudioVersion = 10.0.40219.1
Project("{9A19103F-16F7-4668-BE54-9A1E7A4F7556}") = "Timereg", "Timereg\Timereg.csproj", "{B694C09C-3539-41D0-83BE-271B7F48FCEA}"
EndProject
Global
	GlobalSection(SolutionConfigurationPlatforms) = preSolution
		Debug|Any CPU = Debug|Any CPU
		Release|Any CPU = Release|Any CPU
	EndGlobalSection
	GlobalSection(ProjectConfigurationPlatforms) = postSolution
		{B694C09C-3539-41D0-83BE-271B7F48FCEA}.Debug|Any CPU.ActiveCfg = Debug|Any CPU
		{B694C09C-3539-41D0-83BE-271B7F48FCEA}.Debug|Any CPU.Build.0 = Debug|Any CPU
		{B694C09C-3539-41D0-83BE-271B7F48FCEA}.Release|Any CPU.ActiveCfg = Release|Any CPU
		{B694C09C-3539-41D0-83BE-271B7F48FCEA}.Release|Any CPU.Build.0 = Release|Any CPU
	EndGlobalSection
	GlobalSection(SolutionProperties) = preSolution
		HideSolutionNode = FALSE
	EndGlobalSection
	GlobalSection(ExtensibilityGlobals) = postSolution
		SolutionGuid = {4E44B8ED-1ECB-4D35-8FA3-4EF062B19404}
	EndGlobalSection
EndGlobal
